
Microsoft Visual Studio Solution File, Format Version 12.00
# Visual Studio Version 16
VisualStudioVersion = 16.0.30717.126
MinimumVisualStudioVersion = 10.0.40219.1
Project("{9A19103F-16F7-4668-BE54-9A1E7A4F7556}") = "Encapsulation", "C_sharp_training\Encapsulation.csproj", "{9F6E4880-7857-4B66-93E3-9282451E0805}"
EndProject
Project("{9A19103F-16F7-4668-BE54-9A1E7A4F7556}") = "Properties", "Properties\Properties.csproj", "{A85555FB-68C9-4F30-84AB-13854763EB21}"
EndProject
Project("{9A19103F-16F7-4668-BE54-9A1E7A4F7556}") = "Enums", "Enums\Enums.csproj", "{F66B9940-FE77-448B-B4BE-7A605C62D2B7}"
EndProject
Project("{9A19103F-16F7-4668-BE54-9A1E7A4F7556}") = "Coupling", "Coupling\Coupling.csproj", "{E14C67D6-5F96-4E8D-B244-4E3373CD4153}"
EndProject
Project("{9A19103F-16F7-4668-BE54-9A1E7A4F7556}") = "Inheritance", "Inheritance\Inheritance.csproj", "{974D3FDD-D35C-40C3-A75A-C3B2AE92449B}"
EndProject
Project("{9A19103F-16F7-4668-BE54-9A1E7A4F7556}") = "Indexers", "Indexers\Indexers.csproj", "{826279D9-018F-48A3-8F35-42785A09C534}"
EndProject
Project("{9A19103F-16F7-4668-BE54-9A1E7A4F7556}") = "Switch", "Switch\Switch.csproj", "{25A6D7B4-1965-4E73-A4C3-B57027B2B6F1}"
EndProject
Project("{9A19103F-16F7-4668-BE54-9A1E7A4F7556}") = "Generics", "Generics\Generics.csproj", "{7D0F14C8-EE0B-4E2F-95A8-BF17466FD477}"
EndProject
Project("{9A19103F-16F7-4668-BE54-9A1E7A4F7556}") = "IEnumerable", "IEnumerable\IEnumerable.csproj", "{46651140-4EEB-4811-A009-81A3658DFB44}"
EndProject
Project("{9A19103F-16F7-4668-BE54-9A1E7A4F7556}") = "Delegates", "Delegates\Delegates.csproj", "{54084FC0-4576-426B-8C73-68849EF7D245}"
EndProject
Project("{9A19103F-16F7-4668-BE54-9A1E7A4F7556}") = "LambdaExpressions", "LamdaExpressions\LambdaExpressions.csproj", "{BCE72D4B-50DC-43B6-A215-C1AC2825C788}"
EndProject
Project("{9A19103F-16F7-4668-BE54-9A1E7A4F7556}") = "Interfaces", "Interfaces\Interfaces.csproj", "{5E88DBD2-2DBD-4E9A-A1C2-2ED14EFA8AAF}"
EndProject
Project("{9A19103F-16F7-4668-BE54-9A1E7A4F7556}") = "Events", "Events\Events.csproj", "{A99FA07E-000D-4624-9D47-A65D5D9D2FB5}"
EndProject
Project("{9A19103F-16F7-4668-BE54-9A1E7A4F7556}") = "WeightObjectTest", "Returning different types\WeightObjectTest.csproj", "{90FB5DF9-6FFC-4BF0-9E07-7F33982D6234}"
EndProject
Project("{9A19103F-16F7-4668-BE54-9A1E7A4F7556}") = "ExtensionMethods", "Extension methods\ExtensionMethods.csproj", "{274E3AC1-4AEB-4917-A934-9F8933E6754C}"
EndProject
Project("{9A19103F-16F7-4668-BE54-9A1E7A4F7556}") = "StaticMethods", "Static methods\StaticMethods.csproj", "{6B898848-031E-4E3E-945C-B8B255D599DA}"
EndProject
Project("{9A19103F-16F7-4668-BE54-9A1E7A4F7556}") = "LINQ", "TestingLINQ\LINQ.csproj", "{4CAFD506-2B9B-4300-91A5-43BC7519BE95}"
EndProject
Project("{9A19103F-16F7-4668-BE54-9A1E7A4F7556}") = "Nullable", "Nullable\Nullable.csproj", "{8424D92D-7BCE-498F-95A2-1B515FD9847C}"
EndProject
Project("{9A19103F-16F7-4668-BE54-9A1E7A4F7556}") = "Exception handling", "Exception handling\Exception handling.csproj", "{EEAF5C73-3CFF-4984-8D69-EA4F9C6714C6}"
EndProject
Project("{9A19103F-16F7-4668-BE54-9A1E7A4F7556}") = "Stuff", "Stuff\Stuff.csproj", "{06369A8A-9854-4E11-B969-E7CBC0BA22B1}"
EndProject
Project("{9A19103F-16F7-4668-BE54-9A1E7A4F7556}") = "ListFunctionality", "List\ListFunctionality.csproj", "{2225DD04-2273-491D-8133-78E12BAC91F0}"
EndProject
Project("{9A19103F-16F7-4668-BE54-9A1E7A4F7556}") = "Base", "Base\Base.csproj", "{6C7E2F9B-4D65-4351-9BB6-168C8EE04F0B}"
EndProject
Project("{9A19103F-16F7-4668-BE54-9A1E7A4F7556}") = "temp", "temp\temp.csproj", "{B9798314-ED80-4A1F-89BB-F71360CEE17E}"
EndProject
Project("{9A19103F-16F7-4668-BE54-9A1E7A4F7556}") = "Internal", "Internal\Internal.csproj", "{3DBD709C-6A8D-4F8E-AD30-2F046B17E9DF}"
EndProject
Project("{FAE04EC0-301F-11D3-BF4B-00C04F79EFBC}") = "UITraining", "UITraining\UITraining.csproj", "{05FBEB74-B339-48BF-B1ED-76556986C5D3}"
EndProject
Project("{9A19103F-16F7-4668-BE54-9A1E7A4F7556}") = "Versioning", "Versioning\Versioning.csproj", "{419F5874-D13F-483F-8216-A2A2E9AE38E1}"
EndProject
Project("{9A19103F-16F7-4668-BE54-9A1E7A4F7556}") = "Table", "Table\Table.csproj", "{622BE79E-E3C9-4D6F-8EE5-166A7D67235F}"
EndProject
Project("{9A19103F-16F7-4668-BE54-9A1E7A4F7556}") = "Interfaces2", "Interfaces2\Interfaces2.csproj", "{39E747AB-A319-4D5E-BBD9-3FA2CDD690C4}"
EndProject
Project("{9A19103F-16F7-4668-BE54-9A1E7A4F7556}") = "Serialization", "Serilaization\Serialization.csproj", "{BA746FDF-CD75-4592-9020-2BFB7170ADF8}"
EndProject
Project("{9A19103F-16F7-4668-BE54-9A1E7A4F7556}") = "Casting", "Casting\Casting.csproj", "{B1F54FF5-CCDD-441B-98D3-039792B12239}"
EndProject
Project("{9A19103F-16F7-4668-BE54-9A1E7A4F7556}") = "Events2", "Events2\Events2.csproj", "{C0CDD8FE-9548-474C-93F2-D8FF80E79895}"
EndProject
Project("{FAE04EC0-301F-11D3-BF4B-00C04F79EFBC}") = "Moq", "Moq\Moq.csproj", "{F72F35BF-4161-4E6A-BB49-280E43BA0BF4}"
EndProject
Project("{9A19103F-16F7-4668-BE54-9A1E7A4F7556}") = "DataTableTesting", "DataTableTesting\DataTableTesting.csproj", "{89FAFD1A-6647-4744-847A-EC2E55FC5227}"
EndProject
Project("{FAE04EC0-301F-11D3-BF4B-00C04F79EFBC}") = "MockTheParent", "MockTheParent\MockTheParent.csproj", "{12F3E268-F89E-43C0-BFC2-1EFC6060DB5B}"
EndProject
Project("{FAE04EC0-301F-11D3-BF4B-00C04F79EFBC}") = "ObservableCollectionTesting", "ObservableCollectionTesting\ObservableCollectionTesting.csproj", "{DD76F857-735A-4CC4-80B1-404DC74427AB}"
EndProject
Global
	GlobalSection(SolutionConfigurationPlatforms) = preSolution
		Debug|Any CPU = Debug|Any CPU
		Release|Any CPU = Release|Any CPU
	EndGlobalSection
	GlobalSection(ProjectConfigurationPlatforms) = postSolution
		{9F6E4880-7857-4B66-93E3-9282451E0805}.Debug|Any CPU.ActiveCfg = Debug|Any CPU
		{9F6E4880-7857-4B66-93E3-9282451E0805}.Debug|Any CPU.Build.0 = Debug|Any CPU
		{9F6E4880-7857-4B66-93E3-9282451E0805}.Release|Any CPU.ActiveCfg = Release|Any CPU
		{9F6E4880-7857-4B66-93E3-9282451E0805}.Release|Any CPU.Build.0 = Release|Any CPU
		{A85555FB-68C9-4F30-84AB-13854763EB21}.Debug|Any CPU.ActiveCfg = Debug|Any CPU
		{A85555FB-68C9-4F30-84AB-13854763EB21}.Debug|Any CPU.Build.0 = Debug|Any CPU
		{A85555FB-68C9-4F30-84AB-13854763EB21}.Release|Any CPU.ActiveCfg = Release|Any CPU
		{A85555FB-68C9-4F30-84AB-13854763EB21}.Release|Any CPU.Build.0 = Release|Any CPU
		{F66B9940-FE77-448B-B4BE-7A605C62D2B7}.Debug|Any CPU.ActiveCfg = Debug|Any CPU
		{F66B9940-FE77-448B-B4BE-7A605C62D2B7}.Debug|Any CPU.Build.0 = Debug|Any CPU
		{F66B9940-FE77-448B-B4BE-7A605C62D2B7}.Release|Any CPU.ActiveCfg = Release|Any CPU
		{F66B9940-FE77-448B-B4BE-7A605C62D2B7}.Release|Any CPU.Build.0 = Release|Any CPU
		{E14C67D6-5F96-4E8D-B244-4E3373CD4153}.Debug|Any CPU.ActiveCfg = Debug|Any CPU
		{E14C67D6-5F96-4E8D-B244-4E3373CD4153}.Debug|Any CPU.Build.0 = Debug|Any CPU
		{E14C67D6-5F96-4E8D-B244-4E3373CD4153}.Release|Any CPU.ActiveCfg = Release|Any CPU
		{E14C67D6-5F96-4E8D-B244-4E3373CD4153}.Release|Any CPU.Build.0 = Release|Any CPU
		{974D3FDD-D35C-40C3-A75A-C3B2AE92449B}.Debug|Any CPU.ActiveCfg = Debug|Any CPU
		{974D3FDD-D35C-40C3-A75A-C3B2AE92449B}.Debug|Any CPU.Build.0 = Debug|Any CPU
		{974D3FDD-D35C-40C3-A75A-C3B2AE92449B}.Release|Any CPU.ActiveCfg = Release|Any CPU
		{974D3FDD-D35C-40C3-A75A-C3B2AE92449B}.Release|Any CPU.Build.0 = Release|Any CPU
		{826279D9-018F-48A3-8F35-42785A09C534}.Debug|Any CPU.ActiveCfg = Debug|Any CPU
		{826279D9-018F-48A3-8F35-42785A09C534}.Debug|Any CPU.Build.0 = Debug|Any CPU
		{826279D9-018F-48A3-8F35-42785A09C534}.Release|Any CPU.ActiveCfg = Release|Any CPU
		{826279D9-018F-48A3-8F35-42785A09C534}.Release|Any CPU.Build.0 = Release|Any CPU
		{25A6D7B4-1965-4E73-A4C3-B57027B2B6F1}.Debug|Any CPU.ActiveCfg = Debug|Any CPU
		{25A6D7B4-1965-4E73-A4C3-B57027B2B6F1}.Debug|Any CPU.Build.0 = Debug|Any CPU
		{25A6D7B4-1965-4E73-A4C3-B57027B2B6F1}.Release|Any CPU.ActiveCfg = Release|Any CPU
		{25A6D7B4-1965-4E73-A4C3-B57027B2B6F1}.Release|Any CPU.Build.0 = Release|Any CPU
		{7D0F14C8-EE0B-4E2F-95A8-BF17466FD477}.Debug|Any CPU.ActiveCfg = Debug|Any CPU
		{7D0F14C8-EE0B-4E2F-95A8-BF17466FD477}.Debug|Any CPU.Build.0 = Debug|Any CPU
		{7D0F14C8-EE0B-4E2F-95A8-BF17466FD477}.Release|Any CPU.ActiveCfg = Release|Any CPU
		{7D0F14C8-EE0B-4E2F-95A8-BF17466FD477}.Release|Any CPU.Build.0 = Release|Any CPU
		{46651140-4EEB-4811-A009-81A3658DFB44}.Debug|Any CPU.ActiveCfg = Debug|Any CPU
		{46651140-4EEB-4811-A009-81A3658DFB44}.Debug|Any CPU.Build.0 = Debug|Any CPU
		{46651140-4EEB-4811-A009-81A3658DFB44}.Release|Any CPU.ActiveCfg = Release|Any CPU
		{46651140-4EEB-4811-A009-81A3658DFB44}.Release|Any CPU.Build.0 = Release|Any CPU
		{54084FC0-4576-426B-8C73-68849EF7D245}.Debug|Any CPU.ActiveCfg = Debug|Any CPU
		{54084FC0-4576-426B-8C73-68849EF7D245}.Debug|Any CPU.Build.0 = Debug|Any CPU
		{54084FC0-4576-426B-8C73-68849EF7D245}.Release|Any CPU.ActiveCfg = Release|Any CPU
		{54084FC0-4576-426B-8C73-68849EF7D245}.Release|Any CPU.Build.0 = Release|Any CPU
		{BCE72D4B-50DC-43B6-A215-C1AC2825C788}.Debug|Any CPU.ActiveCfg = Debug|Any CPU
		{BCE72D4B-50DC-43B6-A215-C1AC2825C788}.Debug|Any CPU.Build.0 = Debug|Any CPU
		{BCE72D4B-50DC-43B6-A215-C1AC2825C788}.Release|Any CPU.ActiveCfg = Release|Any CPU
		{BCE72D4B-50DC-43B6-A215-C1AC2825C788}.Release|Any CPU.Build.0 = Release|Any CPU
		{5E88DBD2-2DBD-4E9A-A1C2-2ED14EFA8AAF}.Debug|Any CPU.ActiveCfg = Debug|Any CPU
		{5E88DBD2-2DBD-4E9A-A1C2-2ED14EFA8AAF}.Debug|Any CPU.Build.0 = Debug|Any CPU
		{5E88DBD2-2DBD-4E9A-A1C2-2ED14EFA8AAF}.Release|Any CPU.ActiveCfg = Release|Any CPU
		{5E88DBD2-2DBD-4E9A-A1C2-2ED14EFA8AAF}.Release|Any CPU.Build.0 = Release|Any CPU
		{A99FA07E-000D-4624-9D47-A65D5D9D2FB5}.Debug|Any CPU.ActiveCfg = Debug|Any CPU
		{A99FA07E-000D-4624-9D47-A65D5D9D2FB5}.Debug|Any CPU.Build.0 = Debug|Any CPU
		{A99FA07E-000D-4624-9D47-A65D5D9D2FB5}.Release|Any CPU.ActiveCfg = Release|Any CPU
		{A99FA07E-000D-4624-9D47-A65D5D9D2FB5}.Release|Any CPU.Build.0 = Release|Any CPU
		{90FB5DF9-6FFC-4BF0-9E07-7F33982D6234}.Debug|Any CPU.ActiveCfg = Debug|Any CPU
		{90FB5DF9-6FFC-4BF0-9E07-7F33982D6234}.Debug|Any CPU.Build.0 = Debug|Any CPU
		{90FB5DF9-6FFC-4BF0-9E07-7F33982D6234}.Release|Any CPU.ActiveCfg = Release|Any CPU
		{90FB5DF9-6FFC-4BF0-9E07-7F33982D6234}.Release|Any CPU.Build.0 = Release|Any CPU
		{274E3AC1-4AEB-4917-A934-9F8933E6754C}.Debug|Any CPU.ActiveCfg = Debug|Any CPU
		{274E3AC1-4AEB-4917-A934-9F8933E6754C}.Debug|Any CPU.Build.0 = Debug|Any CPU
		{274E3AC1-4AEB-4917-A934-9F8933E6754C}.Release|Any CPU.ActiveCfg = Release|Any CPU
		{274E3AC1-4AEB-4917-A934-9F8933E6754C}.Release|Any CPU.Build.0 = Release|Any CPU
		{6B898848-031E-4E3E-945C-B8B255D599DA}.Debug|Any CPU.ActiveCfg = Debug|Any CPU
		{6B898848-031E-4E3E-945C-B8B255D599DA}.Debug|Any CPU.Build.0 = Debug|Any CPU
		{6B898848-031E-4E3E-945C-B8B255D599DA}.Release|Any CPU.ActiveCfg = Release|Any CPU
		{6B898848-031E-4E3E-945C-B8B255D599DA}.Release|Any CPU.Build.0 = Release|Any CPU
		{4CAFD506-2B9B-4300-91A5-43BC7519BE95}.Debug|Any CPU.ActiveCfg = Debug|Any CPU
		{4CAFD506-2B9B-4300-91A5-43BC7519BE95}.Debug|Any CPU.Build.0 = Debug|Any CPU
		{4CAFD506-2B9B-4300-91A5-43BC7519BE95}.Release|Any CPU.ActiveCfg = Release|Any CPU
		{4CAFD506-2B9B-4300-91A5-43BC7519BE95}.Release|Any CPU.Build.0 = Release|Any CPU
		{8424D92D-7BCE-498F-95A2-1B515FD9847C}.Debug|Any CPU.ActiveCfg = Debug|Any CPU
		{8424D92D-7BCE-498F-95A2-1B515FD9847C}.Debug|Any CPU.Build.0 = Debug|Any CPU
		{8424D92D-7BCE-498F-95A2-1B515FD9847C}.Release|Any CPU.ActiveCfg = Release|Any CPU
		{8424D92D-7BCE-498F-95A2-1B515FD9847C}.Release|Any CPU.Build.0 = Release|Any CPU
		{EEAF5C73-3CFF-4984-8D69-EA4F9C6714C6}.Debug|Any CPU.ActiveCfg = Debug|Any CPU
		{EEAF5C73-3CFF-4984-8D69-EA4F9C6714C6}.Debug|Any CPU.Build.0 = Debug|Any CPU
		{EEAF5C73-3CFF-4984-8D69-EA4F9C6714C6}.Release|Any CPU.ActiveCfg = Release|Any CPU
		{EEAF5C73-3CFF-4984-8D69-EA4F9C6714C6}.Release|Any CPU.Build.0 = Release|Any CPU
		{06369A8A-9854-4E11-B969-E7CBC0BA22B1}.Debug|Any CPU.ActiveCfg = Debug|Any CPU
		{06369A8A-9854-4E11-B969-E7CBC0BA22B1}.Debug|Any CPU.Build.0 = Debug|Any CPU
		{06369A8A-9854-4E11-B969-E7CBC0BA22B1}.Release|Any CPU.ActiveCfg = Release|Any CPU
		{06369A8A-9854-4E11-B969-E7CBC0BA22B1}.Release|Any CPU.Build.0 = Release|Any CPU
		{2225DD04-2273-491D-8133-78E12BAC91F0}.Debug|Any CPU.ActiveCfg = Debug|Any CPU
		{2225DD04-2273-491D-8133-78E12BAC91F0}.Debug|Any CPU.Build.0 = Debug|Any CPU
		{2225DD04-2273-491D-8133-78E12BAC91F0}.Release|Any CPU.ActiveCfg = Release|Any CPU
		{2225DD04-2273-491D-8133-78E12BAC91F0}.Release|Any CPU.Build.0 = Release|Any CPU
		{6C7E2F9B-4D65-4351-9BB6-168C8EE04F0B}.Debug|Any CPU.ActiveCfg = Debug|Any CPU
		{6C7E2F9B-4D65-4351-9BB6-168C8EE04F0B}.Debug|Any CPU.Build.0 = Debug|Any CPU
		{6C7E2F9B-4D65-4351-9BB6-168C8EE04F0B}.Release|Any CPU.ActiveCfg = Release|Any CPU
		{6C7E2F9B-4D65-4351-9BB6-168C8EE04F0B}.Release|Any CPU.Build.0 = Release|Any CPU
		{B9798314-ED80-4A1F-89BB-F71360CEE17E}.Debug|Any CPU.ActiveCfg = Debug|Any CPU
		{B9798314-ED80-4A1F-89BB-F71360CEE17E}.Debug|Any CPU.Build.0 = Debug|Any CPU
		{B9798314-ED80-4A1F-89BB-F71360CEE17E}.Release|Any CPU.ActiveCfg = Release|Any CPU
		{B9798314-ED80-4A1F-89BB-F71360CEE17E}.Release|Any CPU.Build.0 = Release|Any CPU
		{3DBD709C-6A8D-4F8E-AD30-2F046B17E9DF}.Debug|Any CPU.ActiveCfg = Debug|Any CPU
		{3DBD709C-6A8D-4F8E-AD30-2F046B17E9DF}.Debug|Any CPU.Build.0 = Debug|Any CPU
		{3DBD709C-6A8D-4F8E-AD30-2F046B17E9DF}.Release|Any CPU.ActiveCfg = Release|Any CPU
		{3DBD709C-6A8D-4F8E-AD30-2F046B17E9DF}.Release|Any CPU.Build.0 = Release|Any CPU
		{05FBEB74-B339-48BF-B1ED-76556986C5D3}.Debug|Any CPU.ActiveCfg = Debug|Any CPU
		{05FBEB74-B339-48BF-B1ED-76556986C5D3}.Debug|Any CPU.Build.0 = Debug|Any CPU
		{05FBEB74-B339-48BF-B1ED-76556986C5D3}.Release|Any CPU.ActiveCfg = Release|Any CPU
		{05FBEB74-B339-48BF-B1ED-76556986C5D3}.Release|Any CPU.Build.0 = Release|Any CPU
		{419F5874-D13F-483F-8216-A2A2E9AE38E1}.Debug|Any CPU.ActiveCfg = Debug|Any CPU
		{419F5874-D13F-483F-8216-A2A2E9AE38E1}.Debug|Any CPU.Build.0 = Debug|Any CPU
		{419F5874-D13F-483F-8216-A2A2E9AE38E1}.Release|Any CPU.ActiveCfg = Release|Any CPU
		{419F5874-D13F-483F-8216-A2A2E9AE38E1}.Release|Any CPU.Build.0 = Release|Any CPU
		{622BE79E-E3C9-4D6F-8EE5-166A7D67235F}.Debug|Any CPU.ActiveCfg = Debug|Any CPU
		{622BE79E-E3C9-4D6F-8EE5-166A7D67235F}.Debug|Any CPU.Build.0 = Debug|Any CPU
		{622BE79E-E3C9-4D6F-8EE5-166A7D67235F}.Release|Any CPU.ActiveCfg = Release|Any CPU
		{622BE79E-E3C9-4D6F-8EE5-166A7D67235F}.Release|Any CPU.Build.0 = Release|Any CPU
		{39E747AB-A319-4D5E-BBD9-3FA2CDD690C4}.Debug|Any CPU.ActiveCfg = Debug|Any CPU
		{39E747AB-A319-4D5E-BBD9-3FA2CDD690C4}.Debug|Any CPU.Build.0 = Debug|Any CPU
		{39E747AB-A319-4D5E-BBD9-3FA2CDD690C4}.Release|Any CPU.ActiveCfg = Release|Any CPU
		{39E747AB-A319-4D5E-BBD9-3FA2CDD690C4}.Release|Any CPU.Build.0 = Release|Any CPU
		{BA746FDF-CD75-4592-9020-2BFB7170ADF8}.Debug|Any CPU.ActiveCfg = Debug|Any CPU
		{BA746FDF-CD75-4592-9020-2BFB7170ADF8}.Debug|Any CPU.Build.0 = Debug|Any CPU
		{BA746FDF-CD75-4592-9020-2BFB7170ADF8}.Release|Any CPU.ActiveCfg = Release|Any CPU
		{BA746FDF-CD75-4592-9020-2BFB7170ADF8}.Release|Any CPU.Build.0 = Release|Any CPU
		{B1F54FF5-CCDD-441B-98D3-039792B12239}.Debug|Any CPU.ActiveCfg = Debug|Any CPU
		{B1F54FF5-CCDD-441B-98D3-039792B12239}.Debug|Any CPU.Build.0 = Debug|Any CPU
		{B1F54FF5-CCDD-441B-98D3-039792B12239}.Release|Any CPU.ActiveCfg = Release|Any CPU
		{B1F54FF5-CCDD-441B-98D3-039792B12239}.Release|Any CPU.Build.0 = Release|Any CPU
		{C0CDD8FE-9548-474C-93F2-D8FF80E79895}.Debug|Any CPU.ActiveCfg = Debug|Any CPU
		{C0CDD8FE-9548-474C-93F2-D8FF80E79895}.Debug|Any CPU.Build.0 = Debug|Any CPU
		{C0CDD8FE-9548-474C-93F2-D8FF80E79895}.Release|Any CPU.ActiveCfg = Release|Any CPU
		{C0CDD8FE-9548-474C-93F2-D8FF80E79895}.Release|Any CPU.Build.0 = Release|Any CPU
		{F72F35BF-4161-4E6A-BB49-280E43BA0BF4}.Debug|Any CPU.ActiveCfg = Debug|Any CPU
		{F72F35BF-4161-4E6A-BB49-280E43BA0BF4}.Debug|Any CPU.Build.0 = Debug|Any CPU
		{F72F35BF-4161-4E6A-BB49-280E43BA0BF4}.Release|Any CPU.ActiveCfg = Release|Any CPU
		{F72F35BF-4161-4E6A-BB49-280E43BA0BF4}.Release|Any CPU.Build.0 = Release|Any CPU
		{89FAFD1A-6647-4744-847A-EC2E55FC5227}.Debug|Any CPU.ActiveCfg = Debug|Any CPU
		{89FAFD1A-6647-4744-847A-EC2E55FC5227}.Debug|Any CPU.Build.0 = Debug|Any CPU
		{89FAFD1A-6647-4744-847A-EC2E55FC5227}.Release|Any CPU.ActiveCfg = Release|Any CPU
		{89FAFD1A-6647-4744-847A-EC2E55FC5227}.Release|Any CPU.Build.0 = Release|Any CPU
		{12F3E268-F89E-43C0-BFC2-1EFC6060DB5B}.Debug|Any CPU.ActiveCfg = Debug|Any CPU
		{12F3E268-F89E-43C0-BFC2-1EFC6060DB5B}.Debug|Any CPU.Build.0 = Debug|Any CPU
		{12F3E268-F89E-43C0-BFC2-1EFC6060DB5B}.Release|Any CPU.ActiveCfg = Release|Any CPU
		{12F3E268-F89E-43C0-BFC2-1EFC6060DB5B}.Release|Any CPU.Build.0 = Release|Any CPU
		{DD76F857-735A-4CC4-80B1-404DC74427AB}.Debug|Any CPU.ActiveCfg = Debug|Any CPU
		{DD76F857-735A-4CC4-80B1-404DC74427AB}.Debug|Any CPU.Build.0 = Debug|Any CPU
		{DD76F857-735A-4CC4-80B1-404DC74427AB}.Release|Any CPU.ActiveCfg = Release|Any CPU
		{DD76F857-735A-4CC4-80B1-404DC74427AB}.Release|Any CPU.Build.0 = Release|Any CPU
	EndGlobalSection
	GlobalSection(SolutionProperties) = preSolution
		HideSolutionNode = FALSE
	EndGlobalSection
	GlobalSection(ExtensibilityGlobals) = postSolution
		SolutionGuid = {66D6CBAD-93F7-40DF-8914-3BE39C451494}
	EndGlobalSection
EndGlobal
